// !$*UTF8*$!
{
	archiveVersion = 1;
	classes = {
	};
	objectVersion = 55;
	objects = {

/* Begin PBXBuildFile section */
		49CFAE2A2B16985700C0D700 /* Sk8safeApp.swift in Sources */ = {isa = PBXBuildFile; fileRef = 49CFAE292B16985700C0D700 /* Sk8safeApp.swift */; };
		49CFAE2E2B16985A00C0D700 /* Assets.xcassets in Resources */ = {isa = PBXBuildFile; fileRef = 49CFAE2D2B16985A00C0D700 /* Assets.xcassets */; };
		49CFAE312B16985A00C0D700 /* Preview Assets.xcassets in Resources */ = {isa = PBXBuildFile; fileRef = 49CFAE302B16985A00C0D700 /* Preview Assets.xcassets */; };
		49CFAE3B2B16985A00C0D700 /* Sk8safeTests.swift in Sources */ = {isa = PBXBuildFile; fileRef = 49CFAE3A2B16985A00C0D700 /* Sk8safeTests.swift */; };
		49CFAE452B16985A00C0D700 /* Sk8safeUITests.swift in Sources */ = {isa = PBXBuildFile; fileRef = 49CFAE442B16985A00C0D700 /* Sk8safeUITests.swift */; };
		49CFAE472B16985A00C0D700 /* Sk8safeUITestsLaunchTests.swift in Sources */ = {isa = PBXBuildFile; fileRef = 49CFAE462B16985A00C0D700 /* Sk8safeUITestsLaunchTests.swift */; };
		49CFAE562B16B07400C0D700 /* HomeView.swift in Sources */ = {isa = PBXBuildFile; fileRef = 49CFAE552B16B07400C0D700 /* HomeView.swift */; };
		49CFAE582B16B0FC00C0D700 /* DataModel.swift in Sources */ = {isa = PBXBuildFile; fileRef = 49CFAE572B16B0FC00C0D700 /* DataModel.swift */; };
		49CFAE5A2B16B10700C0D700 /* BTModel.swift in Sources */ = {isa = PBXBuildFile; fileRef = 49CFAE592B16B10700C0D700 /* BTModel.swift */; };
		49CFAE5C2B16B11600C0D700 /* LocationModel.swift in Sources */ = {isa = PBXBuildFile; fileRef = 49CFAE5B2B16B11600C0D700 /* LocationModel.swift */; };
		49CFAE5E2B16B30D00C0D700 /* DataView.swift in Sources */ = {isa = PBXBuildFile; fileRef = 49CFAE5D2B16B30D00C0D700 /* DataView.swift */; };
		49CFAE612B1FF4D100C0D700 /* CoreLocation.framework in Frameworks */ = {isa = PBXBuildFile; fileRef = 49CFAE602B1FF4D100C0D700 /* CoreLocation.framework */; settings = {ATTRIBUTES = (Required, ); }; };
/* End PBXBuildFile section */

/* Begin PBXContainerItemProxy section */
		49CFAE372B16985A00C0D700 /* PBXContainerItemProxy */ = {
			isa = PBXContainerItemProxy;
			containerPortal = 49CFAE1E2B16985700C0D700 /* Project object */;
			proxyType = 1;
			remoteGlobalIDString = 49CFAE252B16985700C0D700;
			remoteInfo = Sk8safe;
		};
		49CFAE412B16985A00C0D700 /* PBXContainerItemProxy */ = {
			isa = PBXContainerItemProxy;
			containerPortal = 49CFAE1E2B16985700C0D700 /* Project object */;
			proxyType = 1;
			remoteGlobalIDString = 49CFAE252B16985700C0D700;
			remoteInfo = Sk8safe;
		};
/* End PBXContainerItemProxy section */

/* Begin PBXFileReference section */
		49CFAE262B16985700C0D700 /* Sk8safe.app */ = {isa = PBXFileReference; explicitFileType = wrapper.application; includeInIndex = 0; path = Sk8safe.app; sourceTree = BUILT_PRODUCTS_DIR; };
		49CFAE292B16985700C0D700 /* Sk8safeApp.swift */ = {isa = PBXFileReference; lastKnownFileType = sourcecode.swift; path = Sk8safeApp.swift; sourceTree = "<group>"; };
		49CFAE2D2B16985A00C0D700 /* Assets.xcassets */ = {isa = PBXFileReference; lastKnownFileType = folder.assetcatalog; path = Assets.xcassets; sourceTree = "<group>"; };
		49CFAE302B16985A00C0D700 /* Preview Assets.xcassets */ = {isa = PBXFileReference; lastKnownFileType = folder.assetcatalog; path = "Preview Assets.xcassets"; sourceTree = "<group>"; };
		49CFAE362B16985A00C0D700 /* Sk8safeTests.xctest */ = {isa = PBXFileReference; explicitFileType = wrapper.cfbundle; includeInIndex = 0; path = Sk8safeTests.xctest; sourceTree = BUILT_PRODUCTS_DIR; };
		49CFAE3A2B16985A00C0D700 /* Sk8safeTests.swift */ = {isa = PBXFileReference; lastKnownFileType = sourcecode.swift; path = Sk8safeTests.swift; sourceTree = "<group>"; };
		49CFAE402B16985A00C0D700 /* Sk8safeUITests.xctest */ = {isa = PBXFileReference; explicitFileType = wrapper.cfbundle; includeInIndex = 0; path = Sk8safeUITests.xctest; sourceTree = BUILT_PRODUCTS_DIR; };
		49CFAE442B16985A00C0D700 /* Sk8safeUITests.swift */ = {isa = PBXFileReference; lastKnownFileType = sourcecode.swift; path = Sk8safeUITests.swift; sourceTree = "<group>"; };
		49CFAE462B16985A00C0D700 /* Sk8safeUITestsLaunchTests.swift */ = {isa = PBXFileReference; lastKnownFileType = sourcecode.swift; path = Sk8safeUITestsLaunchTests.swift; sourceTree = "<group>"; };
		49CFAE552B16B07400C0D700 /* HomeView.swift */ = {isa = PBXFileReference; lastKnownFileType = sourcecode.swift; path = HomeView.swift; sourceTree = "<group>"; };
		49CFAE572B16B0FC00C0D700 /* DataModel.swift */ = {isa = PBXFileReference; lastKnownFileType = sourcecode.swift; path = DataModel.swift; sourceTree = "<group>"; };
		49CFAE592B16B10700C0D700 /* BTModel.swift */ = {isa = PBXFileReference; lastKnownFileType = sourcecode.swift; path = BTModel.swift; sourceTree = "<group>"; };
		49CFAE5B2B16B11600C0D700 /* LocationModel.swift */ = {isa = PBXFileReference; lastKnownFileType = sourcecode.swift; path = LocationModel.swift; sourceTree = "<group>"; };
		49CFAE5D2B16B30D00C0D700 /* DataView.swift */ = {isa = PBXFileReference; lastKnownFileType = sourcecode.swift; path = DataView.swift; sourceTree = "<group>"; };
		49CFAE602B1FF4D100C0D700 /* CoreLocation.framework */ = {isa = PBXFileReference; lastKnownFileType = wrapper.framework; name = CoreLocation.framework; path = System/Library/Frameworks/CoreLocation.framework; sourceTree = SDKROOT; };
		49CFAE622B1FF7FD00C0D700 /* Info.plist */ = {isa = PBXFileReference; lastKnownFileType = text.plist; path = Info.plist; sourceTree = "<group>"; };
/* End PBXFileReference section */

/* Begin PBXFrameworksBuildPhase section */
		49CFAE232B16985700C0D700 /* Frameworks */ = {
			isa = PBXFrameworksBuildPhase;
			buildActionMask = 2147483647;
			files = (
				49CFAE612B1FF4D100C0D700 /* CoreLocation.framework in Frameworks */,
			);
			runOnlyForDeploymentPostprocessing = 0;
		};
		49CFAE332B16985A00C0D700 /* Frameworks */ = {
			isa = PBXFrameworksBuildPhase;
			buildActionMask = 2147483647;
			files = (
			);
			runOnlyForDeploymentPostprocessing = 0;
		};
		49CFAE3D2B16985A00C0D700 /* Frameworks */ = {
			isa = PBXFrameworksBuildPhase;
			buildActionMask = 2147483647;
			files = (
			);
			runOnlyForDeploymentPostprocessing = 0;
		};
/* End PBXFrameworksBuildPhase section */

/* Begin PBXGroup section */
		49CFAE1D2B16985700C0D700 = {
			isa = PBXGroup;
			children = (
				49CFAE282B16985700C0D700 /* Sk8safe */,
				49CFAE392B16985A00C0D700 /* Sk8safeTests */,
				49CFAE432B16985A00C0D700 /* Sk8safeUITests */,
				49CFAE272B16985700C0D700 /* Products */,
				49CFAE5F2B1FF4D100C0D700 /* Frameworks */,
			);
			sourceTree = "<group>";
		};
		49CFAE272B16985700C0D700 /* Products */ = {
			isa = PBXGroup;
			children = (
				49CFAE262B16985700C0D700 /* Sk8safe.app */,
				49CFAE362B16985A00C0D700 /* Sk8safeTests.xctest */,
				49CFAE402B16985A00C0D700 /* Sk8safeUITests.xctest */,
			);
			name = Products;
			sourceTree = "<group>";
		};
		49CFAE282B16985700C0D700 /* Sk8safe */ = {
			isa = PBXGroup;
			children = (
				49CFAE622B1FF7FD00C0D700 /* Info.plist */,
				49CFAE292B16985700C0D700 /* Sk8safeApp.swift */,
				49CFAE532B16AE9100C0D700 /* Views */,
				49CFAE542B16AE9A00C0D700 /* Models */,
				49CFAE2D2B16985A00C0D700 /* Assets.xcassets */,
				49CFAE2F2B16985A00C0D700 /* Preview Content */,
			);
			path = Sk8safe;
			sourceTree = "<group>";
		};
		49CFAE2F2B16985A00C0D700 /* Preview Content */ = {
			isa = PBXGroup;
			children = (
				49CFAE302B16985A00C0D700 /* Preview Assets.xcassets */,
			);
			path = "Preview Content";
			sourceTree = "<group>";
		};
		49CFAE392B16985A00C0D700 /* Sk8safeTests */ = {
			isa = PBXGroup;
			children = (
				49CFAE3A2B16985A00C0D700 /* Sk8safeTests.swift */,
			);
			path = Sk8safeTests;
			sourceTree = "<group>";
		};
		49CFAE432B16985A00C0D700 /* Sk8safeUITests */ = {
			isa = PBXGroup;
			children = (
				49CFAE442B16985A00C0D700 /* Sk8safeUITests.swift */,
				49CFAE462B16985A00C0D700 /* Sk8safeUITestsLaunchTests.swift */,
			);
			path = Sk8safeUITests;
			sourceTree = "<group>";
		};
		49CFAE532B16AE9100C0D700 /* Views */ = {
			isa = PBXGroup;
			children = (
				49CFAE552B16B07400C0D700 /* HomeView.swift */,
				49CFAE5D2B16B30D00C0D700 /* DataView.swift */,
			);
			path = Views;
			sourceTree = "<group>";
		};
		49CFAE542B16AE9A00C0D700 /* Models */ = {
			isa = PBXGroup;
			children = (
				49CFAE572B16B0FC00C0D700 /* DataModel.swift */,
				49CFAE592B16B10700C0D700 /* BTModel.swift */,
				49CFAE5B2B16B11600C0D700 /* LocationModel.swift */,
			);
			path = Models;
			sourceTree = "<group>";
		};
		49CFAE5F2B1FF4D100C0D700 /* Frameworks */ = {
			isa = PBXGroup;
			children = (
				49CFAE602B1FF4D100C0D700 /* CoreLocation.framework */,
			);
			name = Frameworks;
			sourceTree = "<group>";
		};
/* End PBXGroup section */

/* Begin PBXNativeTarget section */
		49CFAE252B16985700C0D700 /* Sk8safe */ = {
			isa = PBXNativeTarget;
			buildConfigurationList = 49CFAE4A2B16985A00C0D700 /* Build configuration list for PBXNativeTarget "Sk8safe" */;
			buildPhases = (
				49CFAE222B16985700C0D700 /* Sources */,
				49CFAE232B16985700C0D700 /* Frameworks */,
				49CFAE242B16985700C0D700 /* Resources */,
			);
			buildRules = (
			);
			dependencies = (
			);
			name = Sk8safe;
			productName = Sk8safe;
			productReference = 49CFAE262B16985700C0D700 /* Sk8safe.app */;
			productType = "com.apple.product-type.application";
		};
		49CFAE352B16985A00C0D700 /* Sk8safeTests */ = {
			isa = PBXNativeTarget;
			buildConfigurationList = 49CFAE4D2B16985A00C0D700 /* Build configuration list for PBXNativeTarget "Sk8safeTests" */;
			buildPhases = (
				49CFAE322B16985A00C0D700 /* Sources */,
				49CFAE332B16985A00C0D700 /* Frameworks */,
				49CFAE342B16985A00C0D700 /* Resources */,
			);
			buildRules = (
			);
			dependencies = (
				49CFAE382B16985A00C0D700 /* PBXTargetDependency */,
			);
			name = Sk8safeTests;
			productName = Sk8safeTests;
			productReference = 49CFAE362B16985A00C0D700 /* Sk8safeTests.xctest */;
			productType = "com.apple.product-type.bundle.unit-test";
		};
		49CFAE3F2B16985A00C0D700 /* Sk8safeUITests */ = {
			isa = PBXNativeTarget;
			buildConfigurationList = 49CFAE502B16985A00C0D700 /* Build configuration list for PBXNativeTarget "Sk8safeUITests" */;
			buildPhases = (
				49CFAE3C2B16985A00C0D700 /* Sources */,
				49CFAE3D2B16985A00C0D700 /* Frameworks */,
				49CFAE3E2B16985A00C0D700 /* Resources */,
			);
			buildRules = (
			);
			dependencies = (
				49CFAE422B16985A00C0D700 /* PBXTargetDependency */,
			);
			name = Sk8safeUITests;
			productName = Sk8safeUITests;
			productReference = 49CFAE402B16985A00C0D700 /* Sk8safeUITests.xctest */;
			productType = "com.apple.product-type.bundle.ui-testing";
		};
/* End PBXNativeTarget section */

/* Begin PBXProject section */
		49CFAE1E2B16985700C0D700 /* Project object */ = {
			isa = PBXProject;
			attributes = {
				BuildIndependentTargetsInParallel = 1;
				LastSwiftUpdateCheck = 1340;
				LastUpgradeCheck = 1340;
				TargetAttributes = {
					49CFAE252B16985700C0D700 = {
						CreatedOnToolsVersion = 13.4.1;
					};
					49CFAE352B16985A00C0D700 = {
						CreatedOnToolsVersion = 13.4.1;
						TestTargetID = 49CFAE252B16985700C0D700;
					};
					49CFAE3F2B16985A00C0D700 = {
						CreatedOnToolsVersion = 13.4.1;
						TestTargetID = 49CFAE252B16985700C0D700;
					};
				};
			};
			buildConfigurationList = 49CFAE212B16985700C0D700 /* Build configuration list for PBXProject "Sk8safe" */;
			compatibilityVersion = "Xcode 13.0";
			developmentRegion = en;
			hasScannedForEncodings = 0;
			knownRegions = (
				en,
				Base,
			);
			mainGroup = 49CFAE1D2B16985700C0D700;
			productRefGroup = 49CFAE272B16985700C0D700 /* Products */;
			projectDirPath = "";
			projectRoot = "";
			targets = (
				49CFAE252B16985700C0D700 /* Sk8safe */,
				49CFAE352B16985A00C0D700 /* Sk8safeTests */,
				49CFAE3F2B16985A00C0D700 /* Sk8safeUITests */,
			);
		};
/* End PBXProject section */

/* Begin PBXResourcesBuildPhase section */
		49CFAE242B16985700C0D700 /* Resources */ = {
			isa = PBXResourcesBuildPhase;
			buildActionMask = 2147483647;
			files = (
				49CFAE312B16985A00C0D700 /* Preview Assets.xcassets in Resources */,
				49CFAE2E2B16985A00C0D700 /* Assets.xcassets in Resources */,
			);
			runOnlyForDeploymentPostprocessing = 0;
		};
		49CFAE342B16985A00C0D700 /* Resources */ = {
			isa = PBXResourcesBuildPhase;
			buildActionMask = 2147483647;
			files = (
			);
			runOnlyForDeploymentPostprocessing = 0;
		};
		49CFAE3E2B16985A00C0D700 /* Resources */ = {
			isa = PBXResourcesBuildPhase;
			buildActionMask = 2147483647;
			files = (
			);
			runOnlyForDeploymentPostprocessing = 0;
		};
/* End PBXResourcesBuildPhase section */

/* Begin PBXSourcesBuildPhase section */
		49CFAE222B16985700C0D700 /* Sources */ = {
			isa = PBXSourcesBuildPhase;
			buildActionMask = 2147483647;
			files = (
				49CFAE5E2B16B30D00C0D700 /* DataView.swift in Sources */,
				49CFAE562B16B07400C0D700 /* HomeView.swift in Sources */,
				49CFAE5A2B16B10700C0D700 /* BTModel.swift in Sources */,
				49CFAE582B16B0FC00C0D700 /* DataModel.swift in Sources */,
				49CFAE5C2B16B11600C0D700 /* LocationModel.swift in Sources */,
				49CFAE2A2B16985700C0D700 /* Sk8safeApp.swift in Sources */,
			);
			runOnlyForDeploymentPostprocessing = 0;
		};
		49CFAE322B16985A00C0D700 /* Sources */ = {
			isa = PBXSourcesBuildPhase;
			buildActionMask = 2147483647;
			files = (
				49CFAE3B2B16985A00C0D700 /* Sk8safeTests.swift in Sources */,
			);
			runOnlyForDeploymentPostprocessing = 0;
		};
		49CFAE3C2B16985A00C0D700 /* Sources */ = {
			isa = PBXSourcesBuildPhase;
			buildActionMask = 2147483647;
			files = (
				49CFAE472B16985A00C0D700 /* Sk8safeUITestsLaunchTests.swift in Sources */,
				49CFAE452B16985A00C0D700 /* Sk8safeUITests.swift in Sources */,
			);
			runOnlyForDeploymentPostprocessing = 0;
		};
/* End PBXSourcesBuildPhase section */

/* Begin PBXTargetDependency section */
		49CFAE382B16985A00C0D700 /* PBXTargetDependency */ = {
			isa = PBXTargetDependency;
			target = 49CFAE252B16985700C0D700 /* Sk8safe */;
			targetProxy = 49CFAE372B16985A00C0D700 /* PBXContainerItemProxy */;
		};
		49CFAE422B16985A00C0D700 /* PBXTargetDependency */ = {
			isa = PBXTargetDependency;
			target = 49CFAE252B16985700C0D700 /* Sk8safe */;
			targetProxy = 49CFAE412B16985A00C0D700 /* PBXContainerItemProxy */;
		};
/* End PBXTargetDependency section */

/* Begin XCBuildConfiguration section */
		49CFAE482B16985A00C0D700 /* Debug */ = {
			isa = XCBuildConfiguration;
			buildSettings = {
				ALWAYS_SEARCH_USER_PATHS = NO;
				CLANG_ANALYZER_NONNULL = YES;
				CLANG_ANALYZER_NUMBER_OBJECT_CONVERSION = YES_AGGRESSIVE;
				CLANG_CXX_LANGUAGE_STANDARD = "gnu++17";
				CLANG_ENABLE_MODULES = YES;
				CLANG_ENABLE_OBJC_ARC = YES;
				CLANG_ENABLE_OBJC_WEAK = YES;
				CLANG_WARN_BLOCK_CAPTURE_AUTORELEASING = YES;
				CLANG_WARN_BOOL_CONVERSION = YES;
				CLANG_WARN_COMMA = YES;
				CLANG_WARN_CONSTANT_CONVERSION = YES;
				CLANG_WARN_DEPRECATED_OBJC_IMPLEMENTATIONS = YES;
				CLANG_WARN_DIRECT_OBJC_ISA_USAGE = YES_ERROR;
				CLANG_WARN_DOCUMENTATION_COMMENTS = YES;
				CLANG_WARN_EMPTY_BODY = YES;
				CLANG_WARN_ENUM_CONVERSION = YES;
				CLANG_WARN_INFINITE_RECURSION = YES;
				CLANG_WARN_INT_CONVERSION = YES;
				CLANG_WARN_NON_LITERAL_NULL_CONVERSION = YES;
				CLANG_WARN_OBJC_IMPLICIT_RETAIN_SELF = YES;
				CLANG_WARN_OBJC_LITERAL_CONVERSION = YES;
				CLANG_WARN_OBJC_ROOT_CLASS = YES_ERROR;
				CLANG_WARN_QUOTED_INCLUDE_IN_FRAMEWORK_HEADER = YES;
				CLANG_WARN_RANGE_LOOP_ANALYSIS = YES;
				CLANG_WARN_STRICT_PROTOTYPES = YES;
				CLANG_WARN_SUSPICIOUS_MOVE = YES;
				CLANG_WARN_UNGUARDED_AVAILABILITY = YES_AGGRESSIVE;
				CLANG_WARN_UNREACHABLE_CODE = YES;
				CLANG_WARN__DUPLICATE_METHOD_MATCH = YES;
				COPY_PHASE_STRIP = NO;
				DEBUG_INFORMATION_FORMAT = dwarf;
				ENABLE_STRICT_OBJC_MSGSEND = YES;
				ENABLE_TESTABILITY = YES;
				GCC_C_LANGUAGE_STANDARD = gnu11;
				GCC_DYNAMIC_NO_PIC = NO;
				GCC_NO_COMMON_BLOCKS = YES;
				GCC_OPTIMIZATION_LEVEL = 0;
				GCC_PREPROCESSOR_DEFINITIONS = (
					"DEBUG=1",
					"$(inherited)",
				);
				GCC_WARN_64_TO_32_BIT_CONVERSION = YES;
				GCC_WARN_ABOUT_RETURN_TYPE = YES_ERROR;
				GCC_WARN_UNDECLARED_SELECTOR = YES;
				GCC_WARN_UNINITIALIZED_AUTOS = YES_AGGRESSIVE;
				GCC_WARN_UNUSED_FUNCTION = YES;
				GCC_WARN_UNUSED_VARIABLE = YES;
				IPHONEOS_DEPLOYMENT_TARGET = 15.2;
				MTL_ENABLE_DEBUG_INFO = INCLUDE_SOURCE;
				MTL_FAST_MATH = YES;
				ONLY_ACTIVE_ARCH = YES;
				SDKROOT = iphoneos;
				SWIFT_ACTIVE_COMPILATION_CONDITIONS = DEBUG;
				SWIFT_OPTIMIZATION_LEVEL = "-Onone";
			};
			name = Debug;
		};
		49CFAE492B16985A00C0D700 /* Release */ = {
			isa = XCBuildConfiguration;
			buildSettings = {
				ALWAYS_SEARCH_USER_PATHS = NO;
				CLANG_ANALYZER_NONNULL = YES;
				CLANG_ANALYZER_NUMBER_OBJECT_CONVERSION = YES_AGGRESSIVE;
				CLANG_CXX_LANGUAGE_STANDARD = "gnu++17";
				CLANG_ENABLE_MODULES = YES;
				CLANG_ENABLE_OBJC_ARC = YES;
				CLANG_ENABLE_OBJC_WEAK = YES;
				CLANG_WARN_BLOCK_CAPTURE_AUTORELEASING = YES;
				CLANG_WARN_BOOL_CONVERSION = YES;
				CLANG_WARN_COMMA = YES;
				CLANG_WARN_CONSTANT_CONVERSION = YES;
				CLANG_WARN_DEPRECATED_OBJC_IMPLEMENTATIONS = YES;
				CLANG_WARN_DIRECT_OBJC_ISA_USAGE = YES_ERROR;
				CLANG_WARN_DOCUMENTATION_COMMENTS = YES;
				CLANG_WARN_EMPTY_BODY = YES;
				CLANG_WARN_ENUM_CONVERSION = YES;
				CLANG_WARN_INFINITE_RECURSION = YES;
				CLANG_WARN_INT_CONVERSION = YES;
				CLANG_WARN_NON_LITERAL_NULL_CONVERSION = YES;
				CLANG_WARN_OBJC_IMPLICIT_RETAIN_SELF = YES;
				CLANG_WARN_OBJC_LITERAL_CONVERSION = YES;
				CLANG_WARN_OBJC_ROOT_CLASS = YES_ERROR;
				CLANG_WARN_QUOTED_INCLUDE_IN_FRAMEWORK_HEADER = YES;
				CLANG_WARN_RANGE_LOOP_ANALYSIS = YES;
				CLANG_WARN_STRICT_PROTOTYPES = YES;
				CLANG_WARN_SUSPICIOUS_MOVE = YES;
				CLANG_WARN_UNGUARDED_AVAILABILITY = YES_AGGRESSIVE;
				CLANG_WARN_UNREACHABLE_CODE = YES;
				CLANG_WARN__DUPLICATE_METHOD_MATCH = YES;
				COPY_PHASE_STRIP = NO;
				DEBUG_INFORMATION_FORMAT = "dwarf-with-dsym";
				ENABLE_NS_ASSERTIONS = NO;
				ENABLE_STRICT_OBJC_MSGSEND = YES;
				GCC_C_LANGUAGE_STANDARD = gnu11;
				GCC_NO_COMMON_BLOCKS = YES;
				GCC_WARN_64_TO_32_BIT_CONVERSION = YES;
				GCC_WARN_ABOUT_RETURN_TYPE = YES_ERROR;
				GCC_WARN_UNDECLARED_SELECTOR = YES;
				GCC_WARN_UNINITIALIZED_AUTOS = YES_AGGRESSIVE;
				GCC_WARN_UNUSED_FUNCTION = YES;
				GCC_WARN_UNUSED_VARIABLE = YES;
				IPHONEOS_DEPLOYMENT_TARGET = 15.2;
				MTL_ENABLE_DEBUG_INFO = NO;
				MTL_FAST_MATH = YES;
				SDKROOT = iphoneos;
				SWIFT_COMPILATION_MODE = wholemodule;
				SWIFT_OPTIMIZATION_LEVEL = "-O";
				VALIDATE_PRODUCT = YES;
			};
			name = Release;
		};
		49CFAE4B2B16985A00C0D700 /* Debug */ = {
			isa = XCBuildConfiguration;
			buildSettings = {
				ASSETCATALOG_COMPILER_APPICON_NAME = AppIcon;
				ASSETCATALOG_COMPILER_GLOBAL_ACCENT_COLOR_NAME = AccentColor;
				CODE_SIGN_STYLE = Automatic;
				CURRENT_PROJECT_VERSION = 1;
				DEVELOPMENT_ASSET_PATHS = "\"Sk8safe/Preview Content\"";
				DEVELOPMENT_TEAM = KG789L7T39;
				ENABLE_PREVIEWS = YES;
				GENERATE_INFOPLIST_FILE = YES;
				INFOPLIST_FILE = Sk8safe/Info.plist;
				INFOPLIST_KEY_NSBluetoothAlwaysUsageDescription = "Grant Bluetooth access";
				INFOPLIST_KEY_NSBluetoothPeripheralUsageDescription = "Can this app communicate with Bluetooth peripherals?";
				INFOPLIST_KEY_NSLocationAlwaysAndWhenInUseUsageDescription = "This app needs your location for mapping";
				INFOPLIST_KEY_NSLocationWhenInUseUsageDescription = "This app needs your location for mapping";
				INFOPLIST_KEY_UIApplicationSceneManifest_Generation = YES;
				INFOPLIST_KEY_UIApplicationSupportsIndirectInputEvents = YES;
				INFOPLIST_KEY_UILaunchScreen_Generation = YES;
				INFOPLIST_KEY_UISupportedInterfaceOrientations_iPad = "UIInterfaceOrientationPortrait UIInterfaceOrientationPortraitUpsideDown UIInterfaceOrientationLandscapeLeft UIInterfaceOrientationLandscapeRight";
				INFOPLIST_KEY_UISupportedInterfaceOrientations_iPhone = "UIInterfaceOrientationPortrait UIInterfaceOrientationLandscapeLeft UIInterfaceOrientationLandscapeRight";
				LD_RUNPATH_SEARCH_PATHS = (
					"$(inherited)",
					"@executable_path/Frameworks",
				);
				MARKETING_VERSION = 1.0;
				PRODUCT_BUNDLE_IDENTIFIER = Andrew.Sk8safe;
				PRODUCT_NAME = "$(TARGET_NAME)";
				SWIFT_EMIT_LOC_STRINGS = YES;
				SWIFT_VERSION = 5.0;
				TARGETED_DEVICE_FAMILY = "1,2";
			};
			name = Debug;
		};
		49CFAE4C2B16985A00C0D700 /* Release */ = {
			isa = XCBuildConfiguration;
			buildSettings = {
				ASSETCATALOG_COMPILER_APPICON_NAME = AppIcon;
				ASSETCATALOG_COMPILER_GLOBAL_ACCENT_COLOR_NAME = AccentColor;
				CODE_SIGN_STYLE = Automatic;
				CURRENT_PROJECT_VERSION = 1;
				DEVELOPMENT_ASSET_PATHS = "\"Sk8safe/Preview Content\"";
				DEVELOPMENT_TEAM = KG789L7T39;
				ENABLE_PREVIEWS = YES;
				GENERATE_INFOPLIST_FILE = YES;
				INFOPLIST_FILE = Sk8safe/Info.plist;
				INFOPLIST_KEY_NSBluetoothAlwaysUsageDescription = "Grant Bluetooth access";
				INFOPLIST_KEY_NSBluetoothPeripheralUsageDescription = "Can this app communicate with Bluetooth peripherals?";
				INFOPLIST_KEY_NSLocationAlwaysAndWhenInUseUsageDescription = "This app needs your location for mapping";
				INFOPLIST_KEY_NSLocationWhenInUseUsageDescription = "This app needs your location for mapping";
				INFOPLIST_KEY_UIApplicationSceneManifest_Generation = YES;
				INFOPLIST_KEY_UIApplicationSupportsIndirectInputEvents = YES;
				INFOPLIST_KEY_UILaunchScreen_Generation = YES;
				INFOPLIST_KEY_UISupportedInterfaceOrientations_iPad = "UIInterfaceOrientationPortrait UIInterfaceOrientationPortraitUpsideDown UIInterfaceOrientationLandscapeLeft UIInterfaceOrientationLandscapeRight";
				INFOPLIST_KEY_UISupportedInterfaceOrientations_iPhone = "UIInterfaceOrientationPortrait UIInterfaceOrientationLandscapeLeft UIInterfaceOrientationLandscapeRight";
				LD_RUNPATH_SEARCH_PATHS = (
					"$(inherited)",
					"@executable_path/Frameworks",
				);
				MARKETING_VERSION = 1.0;
				PRODUCT_BUNDLE_IDENTIFIER = Andrew.Sk8safe;
				PRODUCT_NAME = "$(TARGET_NAME)";
				SWIFT_EMIT_LOC_STRINGS = YES;
				SWIFT_VERSION = 5.0;
				TARGETED_DEVICE_FAMILY = "1,2";
			};
			name = Release;
		};
		49CFAE4E2B16985A00C0D700 /* Debug */ = {
			isa = XCBuildConfiguration;
			buildSettings = {
				ALWAYS_EMBED_SWIFT_STANDARD_LIBRARIES = YES;
				BUNDLE_LOADER = "$(TEST_HOST)";
				CODE_SIGN_STYLE = Automatic;
				CURRENT_PROJECT_VERSION = 1;
				DEVELOPMENT_TEAM = KG789L7T39;
				GENERATE_INFOPLIST_FILE = YES;
				IPHONEOS_DEPLOYMENT_TARGET = 15.5;
				MARKETING_VERSION = 1.0;
				PRODUCT_BUNDLE_IDENTIFIER = Andrew.Sk8safeTests;
				PRODUCT_NAME = "$(TARGET_NAME)";
				SWIFT_EMIT_LOC_STRINGS = NO;
				SWIFT_VERSION = 5.0;
				TARGETED_DEVICE_FAMILY = "1,2";
				TEST_HOST = "$(BUILT_PRODUCTS_DIR)/Sk8safe.app/Sk8safe";
			};
			name = Debug;
		};
		49CFAE4F2B16985A00C0D700 /* Release */ = {
			isa = XCBuildConfiguration;
			buildSettings = {
				ALWAYS_EMBED_SWIFT_STANDARD_LIBRARIES = YES;
				BUNDLE_LOADER = "$(TEST_HOST)";
				CODE_SIGN_STYLE = Automatic;
				CURRENT_PROJECT_VERSION = 1;
				DEVELOPMENT_TEAM = KG789L7T39;
				GENERATE_INFOPLIST_FILE = YES;
				IPHONEOS_DEPLOYMENT_TARGET = 15.5;
				MARKETING_VERSION = 1.0;
				PRODUCT_BUNDLE_IDENTIFIER = Andrew.Sk8safeTests;
				PRODUCT_NAME = "$(TARGET_NAME)";
				SWIFT_EMIT_LOC_STRINGS = NO;
				SWIFT_VERSION = 5.0;
				TARGETED_DEVICE_FAMILY = "1,2";
				TEST_HOST = "$(BUILT_PRODUCTS_DIR)/Sk8safe.app/Sk8safe";
			};
			name = Release;
		};
		49CFAE512B16985A00C0D700 /* Debug */ = {
			isa = XCBuildConfiguration;
			buildSettings = {
				ALWAYS_EMBED_SWIFT_STANDARD_LIBRARIES = YES;
				CODE_SIGN_STYLE = Automatic;
				CURRENT_PROJECT_VERSION = 1;
				DEVELOPMENT_TEAM = KG789L7T39;
				GENERATE_INFOPLIST_FILE = YES;
				MARKETING_VERSION = 1.0;
				PRODUCT_BUNDLE_IDENTIFIER = Andrew.Sk8safeUITests;
				PRODUCT_NAME = "$(TARGET_NAME)";
				SWIFT_EMIT_LOC_STRINGS = NO;
				SWIFT_VERSION = 5.0;
				TARGETED_DEVICE_FAMILY = "1,2";
				TEST_TARGET_NAME = Sk8safe;
			};
			name = Debug;
		};
		49CFAE522B16985A00C0D700 /* Release */ = {
			isa = XCBuildConfiguration;
			buildSettings = {
				ALWAYS_EMBED_SWIFT_STANDARD_LIBRARIES = YES;
				CODE_SIGN_STYLE = Automatic;
				CURRENT_PROJECT_VERSION = 1;
				DEVELOPMENT_TEAM = KG789L7T39;
				GENERATE_INFOPLIST_FILE = YES;
				MARKETING_VERSION = 1.0;
				PRODUCT_BUNDLE_IDENTIFIER = Andrew.Sk8safeUITests;
				PRODUCT_NAME = "$(TARGET_NAME)";
				SWIFT_EMIT_LOC_STRINGS = NO;
				SWIFT_VERSION = 5.0;
				TARGETED_DEVICE_FAMILY = "1,2";
				TEST_TARGET_NAME = Sk8safe;
			};
			name = Release;
		};
/* End XCBuildConfiguration section */

/* Begin XCConfigurationList section */
		49CFAE212B16985700C0D700 /* Build configuration list for PBXProject "Sk8safe" */ = {
			isa = XCConfigurationList;
			buildConfigurations = (
				49CFAE482B16985A00C0D700 /* Debug */,
				49CFAE492B16985A00C0D700 /* Release */,
			);
			defaultConfigurationIsVisible = 0;
			defaultConfigurationName = Release;
		};
		49CFAE4A2B16985A00C0D700 /* Build configuration list for PBXNativeTarget "Sk8safe" */ = {
			isa = XCConfigurationList;
			buildConfigurations = (
				49CFAE4B2B16985A00C0D700 /* Debug */,
				49CFAE4C2B16985A00C0D700 /* Release */,
			);
			defaultConfigurationIsVisible = 0;
			defaultConfigurationName = Release;
		};
		49CFAE4D2B16985A00C0D700 /* Build configuration list for PBXNativeTarget "Sk8safeTests" */ = {
			isa = XCConfigurationList;
			buildConfigurations = (
				49CFAE4E2B16985A00C0D700 /* Debug */,
				49CFAE4F2B16985A00C0D700 /* Release */,
			);
			defaultConfigurationIsVisible = 0;
			defaultConfigurationName = Release;
		};
		49CFAE502B16985A00C0D700 /* Build configuration list for PBXNativeTarget "Sk8safeUITests" */ = {
			isa = XCConfigurationList;
			buildConfigurations = (
				49CFAE512B16985A00C0D700 /* Debug */,
				49CFAE522B16985A00C0D700 /* Release */,
			);
			defaultConfigurationIsVisible = 0;
			defaultConfigurationName = Release;
		};
/* End XCConfigurationList section */
	};
	rootObject = 49CFAE1E2B16985700C0D700 /* Project object */;
}
